# This file is automatically @generated by Cargo.
# It is not intended for manual editing.
version = 4

[[package]]
name = "wasm-posix-kernel"
version = "0.1.0"
dependencies = [
 "wasm-posix-shared",
]

[[package]]
name = "wasm-posix-shared"
version = "0.1.0"

[[package]]
name = "wasm-posix-userspace"
version = "0.1.0"
dependencies = [
 "wasm-posix-shared",
]
